// !$*UTF8*$!
{
	archiveVersion = 1;
	classes = {
	};
	objectVersion = 56;
	objects = {

/* Begin PBXBuildFile section */
		6964EDA62906858F0089B4A0 /* GoogleService-Info.plist in Resources */ = {isa = PBXBuildFile; fileRef = 6964EDA52906858E0089B4A0 /* GoogleService-Info.plist */; };
		6964EDB42906C0330089B4A0 /* FirebaseAnalytics in Frameworks */ = {isa = PBXBuildFile; productRef = 6964EDB32906C0330089B4A0 /* FirebaseAnalytics */; };
		6964EDB62906C0330089B4A0 /* FirebaseAnalyticsSwift in Frameworks */ = {isa = PBXBuildFile; productRef = 6964EDB52906C0330089B4A0 /* FirebaseAnalyticsSwift */; };
		6964EDB82906C0330089B4A0 /* FirebaseAuth in Frameworks */ = {isa = PBXBuildFile; productRef = 6964EDB72906C0330089B4A0 /* FirebaseAuth */; };
		6964EDBA2906C0330089B4A0 /* FirebaseDatabase in Frameworks */ = {isa = PBXBuildFile; productRef = 6964EDB92906C0330089B4A0 /* FirebaseDatabase */; };
		6964EDBC2906C0330089B4A0 /* FirebaseDatabaseSwift in Frameworks */ = {isa = PBXBuildFile; productRef = 6964EDBB2906C0330089B4A0 /* FirebaseDatabaseSwift */; };
		69669BA1290884D3001B4B27 /* LoginView.swift in Sources */ = {isa = PBXBuildFile; fileRef = 69669BA0290884D3001B4B27 /* LoginView.swift */; };
		697C1482290A7D7B00B15CA3 /* Sulifly3View.swift in Sources */ = {isa = PBXBuildFile; fileRef = 697C1481290A7D7A00B15CA3 /* Sulifly3View.swift */; };
		697C1484290A9D7600B15CA3 /* delete and save.swift in Sources */ = {isa = PBXBuildFile; fileRef = 697C1483290A9D7600B15CA3 /* delete and save.swift */; };
		697C1486290AB11400B15CA3 /* StartView.swift in Sources */ = {isa = PBXBuildFile; fileRef = 697C1485290AB11400B15CA3 /* StartView.swift */; };
		69B2320728FC7B88007F14FF /* SuliflyApp.swift in Sources */ = {isa = PBXBuildFile; fileRef = 69B2320628FC7B88007F14FF /* SuliflyApp.swift */; };
		69B2320928FC7B88007F14FF /* ContentView.swift in Sources */ = {isa = PBXBuildFile; fileRef = 69B2320828FC7B88007F14FF /* ContentView.swift */; };
		69B2320B28FC7B8B007F14FF /* Assets.xcassets in Resources */ = {isa = PBXBuildFile; fileRef = 69B2320A28FC7B8B007F14FF /* Assets.xcassets */; };
		69B2320E28FC7B8B007F14FF /* Preview Assets.xcassets in Resources */ = {isa = PBXBuildFile; fileRef = 69B2320D28FC7B8B007F14FF /* Preview Assets.xcassets */; };
		69C5184628FD70E500EF791F /* Sulifly2View.swift in Sources */ = {isa = PBXBuildFile; fileRef = 69C5184528FD70E500EF791F /* Sulifly2View.swift */; };
		69C5184828FD74EC00EF791F /* buttonView.swift in Sources */ = {isa = PBXBuildFile; fileRef = 69C5184728FD74EC00EF791F /* buttonView.swift */; };
/* End PBXBuildFile section */

/* Begin PBXFileReference section */
		6964EDA52906858E0089B4A0 /* GoogleService-Info.plist */ = {isa = PBXFileReference; fileEncoding = 4; lastKnownFileType = text.plist.xml; path = "GoogleService-Info.plist"; sourceTree = "<group>"; };
		69669BA0290884D3001B4B27 /* LoginView.swift */ = {isa = PBXFileReference; lastKnownFileType = sourcecode.swift; path = LoginView.swift; sourceTree = "<group>"; };
		697C1481290A7D7A00B15CA3 /* Sulifly3View.swift */ = {isa = PBXFileReference; lastKnownFileType = sourcecode.swift; path = Sulifly3View.swift; sourceTree = "<group>"; };
		697C1483290A9D7600B15CA3 /* delete and save.swift */ = {isa = PBXFileReference; lastKnownFileType = sourcecode.swift; path = "delete and save.swift"; sourceTree = "<group>"; };
		697C1485290AB11400B15CA3 /* StartView.swift */ = {isa = PBXFileReference; lastKnownFileType = sourcecode.swift; path = StartView.swift; sourceTree = "<group>"; };
		69B2320328FC7B88007F14FF /* Sulifly.app */ = {isa = PBXFileReference; explicitFileType = wrapper.application; includeInIndex = 0; path = Sulifly.app; sourceTree = BUILT_PRODUCTS_DIR; };
		69B2320628FC7B88007F14FF /* SuliflyApp.swift */ = {isa = PBXFileReference; lastKnownFileType = sourcecode.swift; path = SuliflyApp.swift; sourceTree = "<group>"; };
		69B2320828FC7B88007F14FF /* ContentView.swift */ = {isa = PBXFileReference; lastKnownFileType = sourcecode.swift; path = ContentView.swift; sourceTree = "<group>"; };
		69B2320A28FC7B8B007F14FF /* Assets.xcassets */ = {isa = PBXFileReference; lastKnownFileType = folder.assetcatalog; path = Assets.xcassets; sourceTree = "<group>"; };
		69B2320D28FC7B8B007F14FF /* Preview Assets.xcassets */ = {isa = PBXFileReference; lastKnownFileType = folder.assetcatalog; path = "Preview Assets.xcassets"; sourceTree = "<group>"; };
		69C5184528FD70E500EF791F /* Sulifly2View.swift */ = {isa = PBXFileReference; lastKnownFileType = sourcecode.swift; path = Sulifly2View.swift; sourceTree = "<group>"; };
		69C5184728FD74EC00EF791F /* buttonView.swift */ = {isa = PBXFileReference; lastKnownFileType = sourcecode.swift; path = buttonView.swift; sourceTree = "<group>"; };
/* End PBXFileReference section */

/* Begin PBXFrameworksBuildPhase section */
		69B2320028FC7B88007F14FF /* Frameworks */ = {
			isa = PBXFrameworksBuildPhase;
			buildActionMask = 2147483647;
			files = (
				6964EDBC2906C0330089B4A0 /* FirebaseDatabaseSwift in Frameworks */,
				6964EDB62906C0330089B4A0 /* FirebaseAnalyticsSwift in Frameworks */,
				6964EDB82906C0330089B4A0 /* FirebaseAuth in Frameworks */,
				6964EDBA2906C0330089B4A0 /* FirebaseDatabase in Frameworks */,
				6964EDB42906C0330089B4A0 /* FirebaseAnalytics in Frameworks */,
			);
			runOnlyForDeploymentPostprocessing = 0;
		};
/* End PBXFrameworksBuildPhase section */

/* Begin PBXGroup section */
		69B231FA28FC7B88007F14FF = {
			isa = PBXGroup;
			children = (
				69B2320528FC7B88007F14FF /* Sulifly */,
				69B2320428FC7B88007F14FF /* Products */,
			);
			sourceTree = "<group>";
		};
		69B2320428FC7B88007F14FF /* Products */ = {
			isa = PBXGroup;
			children = (
				69B2320328FC7B88007F14FF /* Sulifly.app */,
			);
			name = Products;
			sourceTree = "<group>";
		};
		69B2320528FC7B88007F14FF /* Sulifly */ = {
			isa = PBXGroup;
			children = (
				6964EDA52906858E0089B4A0 /* GoogleService-Info.plist */,
				69B2320628FC7B88007F14FF /* SuliflyApp.swift */,
				69B2320828FC7B88007F14FF /* ContentView.swift */,
				697C1481290A7D7A00B15CA3 /* Sulifly3View.swift */,
				69C5184528FD70E500EF791F /* Sulifly2View.swift */,
				69669BA0290884D3001B4B27 /* LoginView.swift */,
				697C1485290AB11400B15CA3 /* StartView.swift */,
				69C5184728FD74EC00EF791F /* buttonView.swift */,
				697C1483290A9D7600B15CA3 /* delete and save.swift */,
				69B2320A28FC7B8B007F14FF /* Assets.xcassets */,
				69B2320C28FC7B8B007F14FF /* Preview Content */,
			);
			path = Sulifly;
			sourceTree = "<group>";
		};
		69B2320C28FC7B8B007F14FF /* Preview Content */ = {
			isa = PBXGroup;
			children = (
				69B2320D28FC7B8B007F14FF /* Preview Assets.xcassets */,
			);
			path = "Preview Content";
			sourceTree = "<group>";
		};
/* End PBXGroup section */

/* Begin PBXNativeTarget section */
		69B2320228FC7B88007F14FF /* Sulifly */ = {
			isa = PBXNativeTarget;
			buildConfigurationList = 69B2321128FC7B8B007F14FF /* Build configuration list for PBXNativeTarget "Sulifly" */;
			buildPhases = (
				69B231FF28FC7B88007F14FF /* Sources */,
				69B2320028FC7B88007F14FF /* Frameworks */,
				69B2320128FC7B88007F14FF /* Resources */,
			);
			buildRules = (
			);
			dependencies = (
			);
			name = Sulifly;
			packageProductDependencies = (
				6964EDB32906C0330089B4A0 /* FirebaseAnalytics */,
				6964EDB52906C0330089B4A0 /* FirebaseAnalyticsSwift */,
				6964EDB72906C0330089B4A0 /* FirebaseAuth */,
				6964EDB92906C0330089B4A0 /* FirebaseDatabase */,
				6964EDBB2906C0330089B4A0 /* FirebaseDatabaseSwift */,
			);
			productName = Sulifly;
			productReference = 69B2320328FC7B88007F14FF /* Sulifly.app */;
			productType = "com.apple.product-type.application";
		};
/* End PBXNativeTarget section */

/* Begin PBXProject section */
		69B231FB28FC7B88007F14FF /* Project object */ = {
			isa = PBXProject;
			attributes = {
				BuildIndependentTargetsInParallel = 1;
				LastSwiftUpdateCheck = 1400;
				LastUpgradeCheck = 1400;
				TargetAttributes = {
					69B2320228FC7B88007F14FF = {
						CreatedOnToolsVersion = 14.0.1;
					};
				};
			};
			buildConfigurationList = 69B231FE28FC7B88007F14FF /* Build configuration list for PBXProject "Sulifly" */;
			compatibilityVersion = "Xcode 14.0";
			developmentRegion = en;
			hasScannedForEncodings = 0;
			knownRegions = (
				en,
				Base,
			);
			mainGroup = 69B231FA28FC7B88007F14FF;
			packageReferences = (
				6964EDB22906C0330089B4A0 /* XCRemoteSwiftPackageReference "firebase-ios-sdk" */,
			);
			productRefGroup = 69B2320428FC7B88007F14FF /* Products */;
			projectDirPath = "";
			projectRoot = "";
			targets = (
				69B2320228FC7B88007F14FF /* Sulifly */,
			);
		};
/* End PBXProject section */

/* Begin PBXResourcesBuildPhase section */
		69B2320128FC7B88007F14FF /* Resources */ = {
			isa = PBXResourcesBuildPhase;
			buildActionMask = 2147483647;
			files = (
				69B2320E28FC7B8B007F14FF /* Preview Assets.xcassets in Resources */,
				69B2320B28FC7B8B007F14FF /* Assets.xcassets in Resources */,
				6964EDA62906858F0089B4A0 /* GoogleService-Info.plist in Resources */,
			);
			runOnlyForDeploymentPostprocessing = 0;
		};
/* End PBXResourcesBuildPhase section */

/* Begin PBXSourcesBuildPhase section */
		69B231FF28FC7B88007F14FF /* Sources */ = {
			isa = PBXSourcesBuildPhase;
			buildActionMask = 2147483647;
			files = (
				69C5184628FD70E500EF791F /* Sulifly2View.swift in Sources */,
				697C1482290A7D7B00B15CA3 /* Sulifly3View.swift in Sources */,
				697C1484290A9D7600B15CA3 /* delete and save.swift in Sources */,
				697C1486290AB11400B15CA3 /* StartView.swift in Sources */,
				69B2320928FC7B88007F14FF /* ContentView.swift in Sources */,
				69C5184828FD74EC00EF791F /* buttonView.swift in Sources */,
				69669BA1290884D3001B4B27 /* LoginView.swift in Sources */,
				69B2320728FC7B88007F14FF /* SuliflyApp.swift in Sources */,
			);
			runOnlyForDeploymentPostprocessing = 0;
		};
/* End PBXSourcesBuildPhase section */

/* Begin XCBuildConfiguration section */
		69B2320F28FC7B8B007F14FF /* Debug */ = {
			isa = XCBuildConfiguration;
			buildSettings = {
				ALWAYS_SEARCH_USER_PATHS = NO;
				CLANG_ANALYZER_NONNULL = YES;
				CLANG_ANALYZER_NUMBER_OBJECT_CONVERSION = YES_AGGRESSIVE;
				CLANG_CXX_LANGUAGE_STANDARD = "gnu++20";
				CLANG_ENABLE_MODULES = YES;
				CLANG_ENABLE_OBJC_ARC = YES;
				CLANG_ENABLE_OBJC_WEAK = YES;
				CLANG_WARN_BLOCK_CAPTURE_AUTORELEASING = YES;
				CLANG_WARN_BOOL_CONVERSION = YES;
				CLANG_WARN_COMMA = YES;
				CLANG_WARN_CONSTANT_CONVERSION = YES;
				CLANG_WARN_DEPRECATED_OBJC_IMPLEMENTATIONS = YES;
				CLANG_WARN_DIRECT_OBJC_ISA_USAGE = YES_ERROR;
				CLANG_WARN_DOCUMENTATION_COMMENTS = YES;
				CLANG_WARN_EMPTY_BODY = YES;
				CLANG_WARN_ENUM_CONVERSION = YES;
				CLANG_WARN_INFINITE_RECURSION = YES;
				CLANG_WARN_INT_CONVERSION = YES;
				CLANG_WARN_NON_LITERAL_NULL_CONVERSION = YES;
				CLANG_WARN_OBJC_IMPLICIT_RETAIN_SELF = YES;
				CLANG_WARN_OBJC_LITERAL_CONVERSION = YES;
				CLANG_WARN_OBJC_ROOT_CLASS = YES_ERROR;
				CLANG_WARN_QUOTED_INCLUDE_IN_FRAMEWORK_HEADER = YES;
				CLANG_WARN_RANGE_LOOP_ANALYSIS = YES;
				CLANG_WARN_STRICT_PROTOTYPES = YES;
				CLANG_WARN_SUSPICIOUS_MOVE = YES;
				CLANG_WARN_UNGUARDED_AVAILABILITY = YES_AGGRESSIVE;
				CLANG_WARN_UNREACHABLE_CODE = YES;
				CLANG_WARN__DUPLICATE_METHOD_MATCH = YES;
				COPY_PHASE_STRIP = NO;
				DEBUG_INFORMATION_FORMAT = dwarf;
				ENABLE_STRICT_OBJC_MSGSEND = YES;
				ENABLE_TESTABILITY = YES;
				GCC_C_LANGUAGE_STANDARD = gnu11;
				GCC_DYNAMIC_NO_PIC = NO;
				GCC_NO_COMMON_BLOCKS = YES;
				GCC_OPTIMIZATION_LEVEL = 0;
				GCC_PREPROCESSOR_DEFINITIONS = (
					"DEBUG=1",
					"$(inherited)",
				);
				GCC_WARN_64_TO_32_BIT_CONVERSION = YES;
				GCC_WARN_ABOUT_RETURN_TYPE = YES_ERROR;
				GCC_WARN_UNDECLARED_SELECTOR = YES;
				GCC_WARN_UNINITIALIZED_AUTOS = YES_AGGRESSIVE;
				GCC_WARN_UNUSED_FUNCTION = YES;
				GCC_WARN_UNUSED_VARIABLE = YES;
				IPHONEOS_DEPLOYMENT_TARGET = 16.0;
				MTL_ENABLE_DEBUG_INFO = INCLUDE_SOURCE;
				MTL_FAST_MATH = YES;
				ONLY_ACTIVE_ARCH = YES;
				SDKROOT = iphoneos;
				SWIFT_ACTIVE_COMPILATION_CONDITIONS = DEBUG;
				SWIFT_OPTIMIZATION_LEVEL = "-Onone";
			};
			name = Debug;
		};
		69B2321028FC7B8B007F14FF /* Release */ = {
			isa = XCBuildConfiguration;
			buildSettings = {
				ALWAYS_SEARCH_USER_PATHS = NO;
				CLANG_ANALYZER_NONNULL = YES;
				CLANG_ANALYZER_NUMBER_OBJECT_CONVERSION = YES_AGGRESSIVE;
				CLANG_CXX_LANGUAGE_STANDARD = "gnu++20";
				CLANG_ENABLE_MODULES = YES;
				CLANG_ENABLE_OBJC_ARC = YES;
				CLANG_ENABLE_OBJC_WEAK = YES;
				CLANG_WARN_BLOCK_CAPTURE_AUTORELEASING = YES;
				CLANG_WARN_BOOL_CONVERSION = YES;
				CLANG_WARN_COMMA = YES;
				CLANG_WARN_CONSTANT_CONVERSION = YES;
				CLANG_WARN_DEPRECATED_OBJC_IMPLEMENTATIONS = YES;
				CLANG_WARN_DIRECT_OBJC_ISA_USAGE = YES_ERROR;
				CLANG_WARN_DOCUMENTATION_COMMENTS = YES;
				CLANG_WARN_EMPTY_BODY = YES;
				CLANG_WARN_ENUM_CONVERSION = YES;
				CLANG_WARN_INFINITE_RECURSION = YES;
				CLANG_WARN_INT_CONVERSION = YES;
				CLANG_WARN_NON_LITERAL_NULL_CONVERSION = YES;
				CLANG_WARN_OBJC_IMPLICIT_RETAIN_SELF = YES;
				CLANG_WARN_OBJC_LITERAL_CONVERSION = YES;
				CLANG_WARN_OBJC_ROOT_CLASS = YES_ERROR;
				CLANG_WARN_QUOTED_INCLUDE_IN_FRAMEWORK_HEADER = YES;
				CLANG_WARN_RANGE_LOOP_ANALYSIS = YES;
				CLANG_WARN_STRICT_PROTOTYPES = YES;
				CLANG_WARN_SUSPICIOUS_MOVE = YES;
				CLANG_WARN_UNGUARDED_AVAILABILITY = YES_AGGRESSIVE;
				CLANG_WARN_UNREACHABLE_CODE = YES;
				CLANG_WARN__DUPLICATE_METHOD_MATCH = YES;
				COPY_PHASE_STRIP = NO;
				DEBUG_INFORMATION_FORMAT = "dwarf-with-dsym";
				ENABLE_NS_ASSERTIONS = NO;
				ENABLE_STRICT_OBJC_MSGSEND = YES;
				GCC_C_LANGUAGE_STANDARD = gnu11;
				GCC_NO_COMMON_BLOCKS = YES;
				GCC_WARN_64_TO_32_BIT_CONVERSION = YES;
				GCC_WARN_ABOUT_RETURN_TYPE = YES_ERROR;
				GCC_WARN_UNDECLARED_SELECTOR = YES;
				GCC_WARN_UNINITIALIZED_AUTOS = YES_AGGRESSIVE;
				GCC_WARN_UNUSED_FUNCTION = YES;
				GCC_WARN_UNUSED_VARIABLE = YES;
				IPHONEOS_DEPLOYMENT_TARGET = 16.0;
				MTL_ENABLE_DEBUG_INFO = NO;
				MTL_FAST_MATH = YES;
				SDKROOT = iphoneos;
				SWIFT_COMPILATION_MODE = wholemodule;
				SWIFT_OPTIMIZATION_LEVEL = "-O";
				VALIDATE_PRODUCT = YES;
			};
			name = Release;
		};
		69B2321228FC7B8B007F14FF /* Debug */ = {
			isa = XCBuildConfiguration;
			buildSettings = {
				ASSETCATALOG_COMPILER_APPICON_NAME = AppIcon;
				ASSETCATALOG_COMPILER_GLOBAL_ACCENT_COLOR_NAME = AccentColor;
				CODE_SIGN_STYLE = Automatic;
				CURRENT_PROJECT_VERSION = 1;
				DEVELOPMENT_ASSET_PATHS = "\"Sulifly/Preview Content\"";
				DEVELOPMENT_TEAM = JS85V4GP5S;
				ENABLE_PREVIEWS = YES;
				GENERATE_INFOPLIST_FILE = YES;
				INFOPLIST_KEY_UIApplicationSceneManifest_Generation = YES;
				INFOPLIST_KEY_UIApplicationSupportsIndirectInputEvents = YES;
				INFOPLIST_KEY_UILaunchScreen_Generation = YES;
				INFOPLIST_KEY_UISupportedInterfaceOrientations_iPad = "UIInterfaceOrientationPortrait UIInterfaceOrientationPortraitUpsideDown UIInterfaceOrientationLandscapeLeft UIInterfaceOrientationLandscapeRight";
				INFOPLIST_KEY_UISupportedInterfaceOrientations_iPhone = "UIInterfaceOrientationPortrait UIInterfaceOrientationLandscapeLeft UIInterfaceOrientationLandscapeRight";
				LD_RUNPATH_SEARCH_PATHS = (
					"$(inherited)",
					"@executable_path/Frameworks",
				);
				MARKETING_VERSION = 1.0;
				PRODUCT_BUNDLE_IDENTIFIER = se.marioehiagwina.Sulifly;
				PRODUCT_NAME = "$(TARGET_NAME)";
				SWIFT_EMIT_LOC_STRINGS = YES;
				SWIFT_VERSION = 5.0;
				TARGETED_DEVICE_FAMILY = "1,2";
			};
			name = Debug;
		};
		69B2321328FC7B8B007F14FF /* Release */ = {
			isa = XCBuildConfiguration;
			buildSettings = {
				ASSETCATALOG_COMPILER_APPICON_NAME = AppIcon;
				ASSETCATALOG_COMPILER_GLOBAL_ACCENT_COLOR_NAME = AccentColor;
				CODE_SIGN_STYLE = Automatic;
				CURRENT_PROJECT_VERSION = 1;
				DEVELOPMENT_ASSET_PATHS = "\"Sulifly/Preview Content\"";
				DEVELOPMENT_TEAM = JS85V4GP5S;
				ENABLE_PREVIEWS = YES;
				GENERATE_INFOPLIST_FILE = YES;
				INFOPLIST_KEY_UIApplicationSceneManifest_Generation = YES;
				INFOPLIST_KEY_UIApplicationSupportsIndirectInputEvents = YES;
				INFOPLIST_KEY_UILaunchScreen_Generation = YES;
				INFOPLIST_KEY_UISupportedInterfaceOrientations_iPad = "UIInterfaceOrientationPortrait UIInterfaceOrientationPortraitUpsideDown UIInterfaceOrientationLandscapeLeft UIInterfaceOrientationLandscapeRight";
				INFOPLIST_KEY_UISupportedInterfaceOrientations_iPhone = "UIInterfaceOrientationPortrait UIInterfaceOrientationLandscapeLeft UIInterfaceOrientationLandscapeRight";
				LD_RUNPATH_SEARCH_PATHS = (
					"$(inherited)",
					"@executable_path/Frameworks",
				);
				MARKETING_VERSION = 1.0;
				PRODUCT_BUNDLE_IDENTIFIER = se.marioehiagwina.Sulifly;
				PRODUCT_NAME = "$(TARGET_NAME)";
				SWIFT_EMIT_LOC_STRINGS = YES;
				SWIFT_VERSION = 5.0;
				TARGETED_DEVICE_FAMILY = "1,2";
			};
			name = Release;
		};
/* End XCBuildConfiguration section */

/* Begin XCConfigurationList section */
		69B231FE28FC7B88007F14FF /* Build configuration list for PBXProject "Sulifly" */ = {
			isa = XCConfigurationList;
			buildConfigurations = (
				69B2320F28FC7B8B007F14FF /* Debug */,
				69B2321028FC7B8B007F14FF /* Release */,
			);
			defaultConfigurationIsVisible = 0;
			defaultConfigurationName = Release;
		};
		69B2321128FC7B8B007F14FF /* Build configuration list for PBXNativeTarget "Sulifly" */ = {
			isa = XCConfigurationList;
			buildConfigurations = (
				69B2321228FC7B8B007F14FF /* Debug */,
				69B2321328FC7B8B007F14FF /* Release */,
			);
			defaultConfigurationIsVisible = 0;
			defaultConfigurationName = Release;
		};
/* End XCConfigurationList section */

/* Begin XCRemoteSwiftPackageReference section */
		6964EDB22906C0330089B4A0 /* XCRemoteSwiftPackageReference "firebase-ios-sdk" */ = {
			isa = XCRemoteSwiftPackageReference;
			repositoryURL = "https://github.com/firebase/firebase-ios-sdk";
			requirement = {
				kind = upToNextMajorVersion;
				minimumVersion = 9.0.0;
			};
		};
/* End XCRemoteSwiftPackageReference section */

/* Begin XCSwiftPackageProductDependency section */
		6964EDB32906C0330089B4A0 /* FirebaseAnalytics */ = {
			isa = XCSwiftPackageProductDependency;
			package = 6964EDB22906C0330089B4A0 /* XCRemoteSwiftPackageReference "firebase-ios-sdk" */;
			productName = FirebaseAnalytics;
		};
		6964EDB52906C0330089B4A0 /* FirebaseAnalyticsSwift */ = {
			isa = XCSwiftPackageProductDependency;
			package = 6964EDB22906C0330089B4A0 /* XCRemoteSwiftPackageReference "firebase-ios-sdk" */;
			productName = FirebaseAnalyticsSwift;
		};
		6964EDB72906C0330089B4A0 /* FirebaseAuth */ = {
			isa = XCSwiftPackageProductDependency;
			package = 6964EDB22906C0330089B4A0 /* XCRemoteSwiftPackageReference "firebase-ios-sdk" */;
			productName = FirebaseAuth;
		};
		6964EDB92906C0330089B4A0 /* FirebaseDatabase */ = {
			isa = XCSwiftPackageProductDependency;
			package = 6964EDB22906C0330089B4A0 /* XCRemoteSwiftPackageReference "firebase-ios-sdk" */;
			productName = FirebaseDatabase;
		};
		6964EDBB2906C0330089B4A0 /* FirebaseDatabaseSwift */ = {
			isa = XCSwiftPackageProductDependency;
			package = 6964EDB22906C0330089B4A0 /* XCRemoteSwiftPackageReference "firebase-ios-sdk" */;
			productName = FirebaseDatabaseSwift;
		};
/* End XCSwiftPackageProductDependency section */
	};
	rootObject = 69B231FB28FC7B88007F14FF /* Project object */;
}
